
Microsoft Visual Studio Solution File, Format Version 12.00
# Visual Studio Version 17
VisualStudioVersion = 17.13.35825.156
MinimumVisualStudioVersion = 10.0.40219.1
Project("{2150E333-8FDC-42A3-9474-1A3956D46DE8}") = "Services", "Services", "{02EA681E-C7D8-13C7-8484-4AC65E1B71E8}"
EndProject
Project("{2150E333-8FDC-42A3-9474-1A3956D46DE8}") = "Catalog", "Catalog", "{F7B09A5A-7592-4D40-AB94-A596996C5C71}"
EndProject
Project("{FAE04EC0-301F-11D3-BF4B-00C04F79EFBC}") = "Catalog.API", "Services\Catalog\Catalog.API\Catalog.API.csproj", "{3C2A7D2B-58BA-495B-A9CD-4EA9C4D4814C}"
EndProject
Project("{2150E333-8FDC-42A3-9474-1A3956D46DE8}") = "BuildingBlocks", "BuildingBlocks", "{B8CF655C-02BB-4DE1-9480-9FD1FEAC1656}"
EndProject
Project("{FAE04EC0-301F-11D3-BF4B-00C04F79EFBC}") = "BuildingBlocks", "BuildingBlocks\BuildingBlocks\BuildingBlocks.csproj", "{9B9B5DA0-4DDB-461D-AC73-A16962971233}"
EndProject
Global
	GlobalSection(SolutionConfigurationPlatforms) = preSolution
		Debug|Any CPU = Debug|Any CPU
		Release|Any CPU = Release|Any CPU
	EndGlobalSection
	GlobalSection(ProjectConfigurationPlatforms) = postSolution
		{3C2A7D2B-58BA-495B-A9CD-4EA9C4D4814C}.Debug|Any CPU.ActiveCfg = Debug|Any CPU
		{3C2A7D2B-58BA-495B-A9CD-4EA9C4D4814C}.Debug|Any CPU.Build.0 = Debug|Any CPU
		{3C2A7D2B-58BA-495B-A9CD-4EA9C4D4814C}.Release|Any CPU.ActiveCfg = Release|Any CPU
		{3C2A7D2B-58BA-495B-A9CD-4EA9C4D4814C}.Release|Any CPU.Build.0 = Release|Any CPU
		{9B9B5DA0-4DDB-461D-AC73-A16962971233}.Debug|Any CPU.ActiveCfg = Debug|Any CPU
		{9B9B5DA0-4DDB-461D-AC73-A16962971233}.Debug|Any CPU.Build.0 = Debug|Any CPU
		{9B9B5DA0-4DDB-461D-AC73-A16962971233}.Release|Any CPU.ActiveCfg = Release|Any CPU
		{9B9B5DA0-4DDB-461D-AC73-A16962971233}.Release|Any CPU.Build.0 = Release|Any CPU
	EndGlobalSection
	GlobalSection(SolutionProperties) = preSolution
		HideSolutionNode = FALSE
	EndGlobalSection
	GlobalSection(NestedProjects) = preSolution
		{F7B09A5A-7592-4D40-AB94-A596996C5C71} = {02EA681E-C7D8-13C7-8484-4AC65E1B71E8}
		{3C2A7D2B-58BA-495B-A9CD-4EA9C4D4814C} = {F7B09A5A-7592-4D40-AB94-A596996C5C71}
		{9B9B5DA0-4DDB-461D-AC73-A16962971233} = {B8CF655C-02BB-4DE1-9480-9FD1FEAC1656}
	EndGlobalSection
	GlobalSection(ExtensibilityGlobals) = postSolution
		SolutionGuid = {24FE6AC6-893E-4589-A70F-65DD46A1AF87}
	EndGlobalSection
EndGlobal
